
Microsoft Visual Studio Solution File, Format Version 12.00
# Visual Studio 2012
Project("{FAE04EC0-301F-11D3-BF4B-00C04F79EFBC}") = "DataLayer", "DataLayer\DataLayer.csproj", "{1345DFB7-C148-49F9-A37E-B92F8DA86414}"
EndProject
Project("{FAE04EC0-301F-11D3-BF4B-00C04F79EFBC}") = "ConsoleTests", "ConsoleTests\ConsoleTests.csproj", "{76B11671-C5E5-4005-BE31-4AEFBA96235A}"
EndProject
Project("{FAE04EC0-301F-11D3-BF4B-00C04F79EFBC}") = "PresentationLayer", "PresentationLayer\PresentationLayer.csproj", "{6C6A8D0B-E713-48C7-ADED-666443E2FB2C}"
EndProject
Project("{FAE04EC0-301F-11D3-BF4B-00C04F79EFBC}") = "DomainLayer", "DomainLayer\DomainLayer.csproj", "{15331449-8E21-4756-B6EB-622E8DAC2287}"
EndProject
Project("{FAE04EC0-301F-11D3-BF4B-00C04F79EFBC}") = "PresentationLayer.Tests", "PresentationLayer.Tests\PresentationLayer.Tests.csproj", "{C3B0DA53-592C-43D0-AF16-8A584BEEBAD1}"
EndProject
Global
	GlobalSection(SolutionConfigurationPlatforms) = preSolution
		Debug|Any CPU = Debug|Any CPU
		Debug|ARM = Debug|ARM
		Debug|x64 = Debug|x64
		Debug|x86 = Debug|x86
		Release|Any CPU = Release|Any CPU
		Release|ARM = Release|ARM
		Release|x64 = Release|x64
		Release|x86 = Release|x86
	EndGlobalSection
	GlobalSection(ProjectConfigurationPlatforms) = postSolution
		{1345DFB7-C148-49F9-A37E-B92F8DA86414}.Debug|Any CPU.ActiveCfg = Debug|Any CPU
		{1345DFB7-C148-49F9-A37E-B92F8DA86414}.Debug|Any CPU.Build.0 = Debug|Any CPU
		{1345DFB7-C148-49F9-A37E-B92F8DA86414}.Debug|ARM.ActiveCfg = Debug|Any CPU
		{1345DFB7-C148-49F9-A37E-B92F8DA86414}.Debug|x64.ActiveCfg = Debug|Any CPU
		{1345DFB7-C148-49F9-A37E-B92F8DA86414}.Debug|x86.ActiveCfg = Debug|Any CPU
		{1345DFB7-C148-49F9-A37E-B92F8DA86414}.Release|Any CPU.ActiveCfg = Release|Any CPU
		{1345DFB7-C148-49F9-A37E-B92F8DA86414}.Release|Any CPU.Build.0 = Release|Any CPU
		{1345DFB7-C148-49F9-A37E-B92F8DA86414}.Release|ARM.ActiveCfg = Release|Any CPU
		{1345DFB7-C148-49F9-A37E-B92F8DA86414}.Release|x64.ActiveCfg = Release|Any CPU
		{1345DFB7-C148-49F9-A37E-B92F8DA86414}.Release|x86.ActiveCfg = Release|Any CPU
		{76B11671-C5E5-4005-BE31-4AEFBA96235A}.Debug|Any CPU.ActiveCfg = Debug|Any CPU
		{76B11671-C5E5-4005-BE31-4AEFBA96235A}.Debug|Any CPU.Build.0 = Debug|Any CPU
		{76B11671-C5E5-4005-BE31-4AEFBA96235A}.Debug|ARM.ActiveCfg = Debug|Any CPU
		{76B11671-C5E5-4005-BE31-4AEFBA96235A}.Debug|x64.ActiveCfg = Debug|Any CPU
		{76B11671-C5E5-4005-BE31-4AEFBA96235A}.Debug|x86.ActiveCfg = Debug|Any CPU
		{76B11671-C5E5-4005-BE31-4AEFBA96235A}.Release|Any CPU.ActiveCfg = Release|Any CPU
		{76B11671-C5E5-4005-BE31-4AEFBA96235A}.Release|Any CPU.Build.0 = Release|Any CPU
		{76B11671-C5E5-4005-BE31-4AEFBA96235A}.Release|ARM.ActiveCfg = Release|Any CPU
		{76B11671-C5E5-4005-BE31-4AEFBA96235A}.Release|x64.ActiveCfg = Release|Any CPU
		{76B11671-C5E5-4005-BE31-4AEFBA96235A}.Release|x86.ActiveCfg = Release|Any CPU
		{6C6A8D0B-E713-48C7-ADED-666443E2FB2C}.Debug|Any CPU.ActiveCfg = Debug|Any CPU
		{6C6A8D0B-E713-48C7-ADED-666443E2FB2C}.Debug|Any CPU.Build.0 = Debug|Any CPU
		{6C6A8D0B-E713-48C7-ADED-666443E2FB2C}.Debug|ARM.ActiveCfg = Debug|Any CPU
		{6C6A8D0B-E713-48C7-ADED-666443E2FB2C}.Debug|x64.ActiveCfg = Debug|Any CPU
		{6C6A8D0B-E713-48C7-ADED-666443E2FB2C}.Debug|x86.ActiveCfg = Debug|Any CPU
		{6C6A8D0B-E713-48C7-ADED-666443E2FB2C}.Release|Any CPU.ActiveCfg = Release|Any CPU
		{6C6A8D0B-E713-48C7-ADED-666443E2FB2C}.Release|Any CPU.Build.0 = Release|Any CPU
		{6C6A8D0B-E713-48C7-ADED-666443E2FB2C}.Release|ARM.ActiveCfg = Release|Any CPU
		{6C6A8D0B-E713-48C7-ADED-666443E2FB2C}.Release|x64.ActiveCfg = Release|Any CPU
		{6C6A8D0B-E713-48C7-ADED-666443E2FB2C}.Release|x86.ActiveCfg = Release|Any CPU
		{15331449-8E21-4756-B6EB-622E8DAC2287}.Debug|Any CPU.ActiveCfg = Debug|Any CPU
		{15331449-8E21-4756-B6EB-622E8DAC2287}.Debug|Any CPU.Build.0 = Debug|Any CPU
		{15331449-8E21-4756-B6EB-622E8DAC2287}.Debug|ARM.ActiveCfg = Debug|Any CPU
		{15331449-8E21-4756-B6EB-622E8DAC2287}.Debug|x64.ActiveCfg = Debug|Any CPU
		{15331449-8E21-4756-B6EB-622E8DAC2287}.Debug|x86.ActiveCfg = Debug|Any CPU
		{15331449-8E21-4756-B6EB-622E8DAC2287}.Release|Any CPU.ActiveCfg = Release|Any CPU
		{15331449-8E21-4756-B6EB-622E8DAC2287}.Release|Any CPU.Build.0 = Release|Any CPU
		{15331449-8E21-4756-B6EB-622E8DAC2287}.Release|ARM.ActiveCfg = Release|Any CPU
		{15331449-8E21-4756-B6EB-622E8DAC2287}.Release|x64.ActiveCfg = Release|Any CPU
		{15331449-8E21-4756-B6EB-622E8DAC2287}.Release|x86.ActiveCfg = Release|Any CPU
		{C3B0DA53-592C-43D0-AF16-8A584BEEBAD1}.Debug|Any CPU.ActiveCfg = Debug|Any CPU
		{C3B0DA53-592C-43D0-AF16-8A584BEEBAD1}.Debug|Any CPU.Build.0 = Debug|Any CPU
		{C3B0DA53-592C-43D0-AF16-8A584BEEBAD1}.Debug|ARM.ActiveCfg = Debug|Any CPU
		{C3B0DA53-592C-43D0-AF16-8A584BEEBAD1}.Debug|x64.ActiveCfg = Debug|Any CPU
		{C3B0DA53-592C-43D0-AF16-8A584BEEBAD1}.Debug|x86.ActiveCfg = Debug|Any CPU
		{C3B0DA53-592C-43D0-AF16-8A584BEEBAD1}.Release|Any CPU.ActiveCfg = Release|Any CPU
		{C3B0DA53-592C-43D0-AF16-8A584BEEBAD1}.Release|Any CPU.Build.0 = Release|Any CPU
		{C3B0DA53-592C-43D0-AF16-8A584BEEBAD1}.Release|ARM.ActiveCfg = Release|Any CPU
		{C3B0DA53-592C-43D0-AF16-8A584BEEBAD1}.Release|x64.ActiveCfg = Release|Any CPU
		{C3B0DA53-592C-43D0-AF16-8A584BEEBAD1}.Release|x86.ActiveCfg = Release|Any CPU
	EndGlobalSection
	GlobalSection(SolutionProperties) = preSolution
		HideSolutionNode = FALSE
	EndGlobalSection
EndGlobal
